<?xml version="1.0" encoding="utf-8"?>
<Project ToolsVersion="4.0" xmlns="http://schemas.microsoft.com/developer/msbuild/2003">
  <ItemGroup>
    <Filter Include="Engine">
      <UniqueIdentifier>{f1e12da3-0cd3-41e9-92e2-1a90c50e6d81}</UniqueIdentifier>
    </Filter>
    <Filter Include="Game">
      <UniqueIdentifier>{72dc1c99-9e78-4ee7-833c-556a34d291e8}</UniqueIdentifier>
    </Filter>
  </ItemGroup>
  <ItemGroup>
    <ClCompile Include="main.cpp" />
    <ClCompile Include="Engine\Logger.cpp">
      <Filter>Engine</Filter>
    </ClCompile>
    <ClCompile Include="Engine\Window.cpp">
      <Filter>Engine</Filter>
    </ClCompile>
    <ClCompile Include="Engine\Engine.cpp">
      <Filter>Engine</Filter>
    </ClCompile>
    <ClCompile Include="Engine\GameStateManager.cpp">
      <Filter>Engine</Filter>
    </ClCompile>
    <ClCompile Include="Game\Splash.cpp">
      <Filter>Game</Filter>
    </ClCompile>
    <ClCompile Include="Game\Mode1.cpp">
      <Filter>Game</Filter>
    </ClCompile>
    <ClCompile Include="Game\Mode2.cpp">
      <Filter>Game</Filter>
    </ClCompile>
  </ItemGroup>
  <ItemGroup>
    <ClInclude Include="Engine\Logger.h">
      <Filter>Engine</Filter>
    </ClInclude>
    <ClInclude Include="Engine\Window.h">
      <Filter>Engine</Filter>
    </ClInclude>
    <ClInclude Include="Engine\Engine.h">
      <Filter>Engine</Filter>
    </ClInclude>
    <ClInclude Include="Engine\GameState.h">
      <Filter>Engine</Filter>
    </ClInclude>
    <ClInclude Include="Engine\GameStateManager.h">
      <Filter>Engine</Filter>
    </ClInclude>
    <ClInclude Include="Game\States.h">
      <Filter>Game</Filter>
    </ClInclude>
    <ClInclude Include="Game\Splash.h">
      <Filter>Game</Filter>
    </ClInclude>
    <ClInclude Include="Game\Mode1.h">
      <Filter>Game</Filter>
    </ClInclude>
    <ClInclude Include="Game\Mode2.h">
      <Filter>Game</Filter>
    </ClInclude>
  </ItemGroup>
</Project>